
Microsoft Visual Studio Solution File, Format Version 12.00
# Visual Studio Version 16
VisualStudioVersion = 16.0.32510.428
MinimumVisualStudioVersion = 10.0.40219.1
Project("{FAE04EC0-301F-11D3-BF4B-00C04F79EFBC}") = "FileIOOpdracht", "FileIOOpdracht\FileIOOpdracht.csproj", "{412B9350-5ECB-468E-BA0E-A88D05FF5C57}"
EndProject
Global
	GlobalSection(SolutionConfigurationPlatforms) = preSolution
		Debug|Any CPU = Debug|Any CPU
		Release|Any CPU = Release|Any CPU
	EndGlobalSection
	GlobalSection(ProjectConfigurationPlatforms) = postSolution
		{412B9350-5ECB-468E-BA0E-A88D05FF5C57}.Debug|Any CPU.ActiveCfg = Debug|Any CPU
		{412B9350-5ECB-468E-BA0E-A88D05FF5C57}.Debug|Any CPU.Build.0 = Debug|Any CPU
		{412B9350-5ECB-468E-BA0E-A88D05FF5C57}.Release|Any CPU.ActiveCfg = Release|Any CPU
		{412B9350-5ECB-468E-BA0E-A88D05FF5C57}.Release|Any CPU.Build.0 = Release|Any CPU
	EndGlobalSection
	GlobalSection(SolutionProperties) = preSolution
		HideSolutionNode = FALSE
	EndGlobalSection
	GlobalSection(ExtensibilityGlobals) = postSolution
		SolutionGuid = {47BA24F4-16DD-4942-9E94-C45A1BE89EFA}
	EndGlobalSection
EndGlobal
